// !$*UTF8*$!
{
	archiveVersion = 1;
	classes = {
	};
	objectVersion = 55;
	objects = {

/* Begin PBXBuildFile section */
		1549404827602A8100972E29 /* APIError.swift in Sources */ = {isa = PBXBuildFile; fileRef = 1549404727602A8100972E29 /* APIError.swift */; };
		15836D672762D345001ADAD3 /* UserRow.swift in Sources */ = {isa = PBXBuildFile; fileRef = 15836D662762D345001ADAD3 /* UserRow.swift */; };
		15836D692762D3C7001ADAD3 /* UserDetailView.swift in Sources */ = {isa = PBXBuildFile; fileRef = 15836D682762D3C7001ADAD3 /* UserDetailView.swift */; };
		158DCA7927617FA900B9307D /* APIService.swift in Sources */ = {isa = PBXBuildFile; fileRef = 158DCA7827617FA900B9307D /* APIService.swift */; };
		15D19D47275EE4F500DA2802 /* UserFetcher.swift in Sources */ = {isa = PBXBuildFile; fileRef = 15D19D46275EE4F400DA2802 /* UserFetcher.swift */; };
		15D19D4B275EEB8400DA2802 /* UserListView.swift in Sources */ = {isa = PBXBuildFile; fileRef = 15D19D4A275EEB8400DA2802 /* UserListView.swift */; };
		15D19D4D275EEBDC00DA2802 /* ErrorView.swift in Sources */ = {isa = PBXBuildFile; fileRef = 15D19D4C275EEBDC00DA2802 /* ErrorView.swift */; };
		15D19D4F275EEBF700DA2802 /* LoadingView.swift in Sources */ = {isa = PBXBuildFile; fileRef = 15D19D4E275EEBF700DA2802 /* LoadingView.swift */; };
		15E44FD627584DDA0088C5C7 /* SearchUserApp.swift in Sources */ = {isa = PBXBuildFile; fileRef = 15E44FD527584DDA0088C5C7 /* SearchUserApp.swift */; };
		15E44FD827584DDA0088C5C7 /* ContentView.swift in Sources */ = {isa = PBXBuildFile; fileRef = 15E44FD727584DDA0088C5C7 /* ContentView.swift */; };
		15E44FDA27584DDC0088C5C7 /* Assets.xcassets in Resources */ = {isa = PBXBuildFile; fileRef = 15E44FD927584DDC0088C5C7 /* Assets.xcassets */; };
		15E44FDD27584DDC0088C5C7 /* Preview Assets.xcassets in Resources */ = {isa = PBXBuildFile; fileRef = 15E44FDC27584DDC0088C5C7 /* Preview Assets.xcassets */; };
		15E44FE727584DDC0088C5C7 /* SearchUserTests.swift in Sources */ = {isa = PBXBuildFile; fileRef = 15E44FE627584DDC0088C5C7 /* SearchUserTests.swift */; };
		15E44FF127584DDD0088C5C7 /* SearchUserUITests.swift in Sources */ = {isa = PBXBuildFile; fileRef = 15E44FF027584DDD0088C5C7 /* SearchUserUITests.swift */; };
		15E44FF327584DDD0088C5C7 /* SearchUserUITestsLaunchTests.swift in Sources */ = {isa = PBXBuildFile; fileRef = 15E44FF227584DDD0088C5C7 /* SearchUserUITestsLaunchTests.swift */; };
		15E45003275850A10088C5C7 /* User.swift in Sources */ = {isa = PBXBuildFile; fileRef = 15E45002275850A10088C5C7 /* User.swift */; };
/* End PBXBuildFile section */

/* Begin PBXContainerItemProxy section */
		15E44FE327584DDC0088C5C7 /* PBXContainerItemProxy */ = {
			isa = PBXContainerItemProxy;
			containerPortal = 15E44FCA27584DD90088C5C7 /* Project object */;
			proxyType = 1;
			remoteGlobalIDString = 15E44FD127584DDA0088C5C7;
			remoteInfo = SearchUser;
		};
		15E44FED27584DDD0088C5C7 /* PBXContainerItemProxy */ = {
			isa = PBXContainerItemProxy;
			containerPortal = 15E44FCA27584DD90088C5C7 /* Project object */;
			proxyType = 1;
			remoteGlobalIDString = 15E44FD127584DDA0088C5C7;
			remoteInfo = SearchUser;
		};
/* End PBXContainerItemProxy section */

/* Begin PBXFileReference section */
		1549404727602A8100972E29 /* APIError.swift */ = {isa = PBXFileReference; lastKnownFileType = sourcecode.swift; path = APIError.swift; sourceTree = "<group>"; };
		15836D662762D345001ADAD3 /* UserRow.swift */ = {isa = PBXFileReference; lastKnownFileType = sourcecode.swift; path = UserRow.swift; sourceTree = "<group>"; };
		15836D682762D3C7001ADAD3 /* UserDetailView.swift */ = {isa = PBXFileReference; lastKnownFileType = sourcecode.swift; path = UserDetailView.swift; sourceTree = "<group>"; };
		158DCA7827617FA900B9307D /* APIService.swift */ = {isa = PBXFileReference; lastKnownFileType = sourcecode.swift; path = APIService.swift; sourceTree = "<group>"; };
		15D19D46275EE4F400DA2802 /* UserFetcher.swift */ = {isa = PBXFileReference; lastKnownFileType = sourcecode.swift; path = UserFetcher.swift; sourceTree = "<group>"; };
		15D19D4A275EEB8400DA2802 /* UserListView.swift */ = {isa = PBXFileReference; lastKnownFileType = sourcecode.swift; path = UserListView.swift; sourceTree = "<group>"; };
		15D19D4C275EEBDC00DA2802 /* ErrorView.swift */ = {isa = PBXFileReference; lastKnownFileType = sourcecode.swift; path = ErrorView.swift; sourceTree = "<group>"; };
		15D19D4E275EEBF700DA2802 /* LoadingView.swift */ = {isa = PBXFileReference; lastKnownFileType = sourcecode.swift; path = LoadingView.swift; sourceTree = "<group>"; };
		15E44FD227584DDA0088C5C7 /* SearchUser.app */ = {isa = PBXFileReference; explicitFileType = wrapper.application; includeInIndex = 0; path = SearchUser.app; sourceTree = BUILT_PRODUCTS_DIR; };
		15E44FD527584DDA0088C5C7 /* SearchUserApp.swift */ = {isa = PBXFileReference; lastKnownFileType = sourcecode.swift; path = SearchUserApp.swift; sourceTree = "<group>"; };
		15E44FD727584DDA0088C5C7 /* ContentView.swift */ = {isa = PBXFileReference; lastKnownFileType = sourcecode.swift; path = ContentView.swift; sourceTree = "<group>"; };
		15E44FD927584DDC0088C5C7 /* Assets.xcassets */ = {isa = PBXFileReference; lastKnownFileType = folder.assetcatalog; path = Assets.xcassets; sourceTree = "<group>"; };
		15E44FDC27584DDC0088C5C7 /* Preview Assets.xcassets */ = {isa = PBXFileReference; lastKnownFileType = folder.assetcatalog; path = "Preview Assets.xcassets"; sourceTree = "<group>"; };
		15E44FE227584DDC0088C5C7 /* SearchUserTests.xctest */ = {isa = PBXFileReference; explicitFileType = wrapper.cfbundle; includeInIndex = 0; path = SearchUserTests.xctest; sourceTree = BUILT_PRODUCTS_DIR; };
		15E44FE627584DDC0088C5C7 /* SearchUserTests.swift */ = {isa = PBXFileReference; lastKnownFileType = sourcecode.swift; path = SearchUserTests.swift; sourceTree = "<group>"; };
		15E44FEC27584DDD0088C5C7 /* SearchUserUITests.xctest */ = {isa = PBXFileReference; explicitFileType = wrapper.cfbundle; includeInIndex = 0; path = SearchUserUITests.xctest; sourceTree = BUILT_PRODUCTS_DIR; };
		15E44FF027584DDD0088C5C7 /* SearchUserUITests.swift */ = {isa = PBXFileReference; lastKnownFileType = sourcecode.swift; path = SearchUserUITests.swift; sourceTree = "<group>"; };
		15E44FF227584DDD0088C5C7 /* SearchUserUITestsLaunchTests.swift */ = {isa = PBXFileReference; lastKnownFileType = sourcecode.swift; path = SearchUserUITestsLaunchTests.swift; sourceTree = "<group>"; };
		15E45002275850A10088C5C7 /* User.swift */ = {isa = PBXFileReference; lastKnownFileType = sourcecode.swift; path = User.swift; sourceTree = "<group>"; };
/* End PBXFileReference section */

/* Begin PBXFrameworksBuildPhase section */
		15E44FCF27584DDA0088C5C7 /* Frameworks */ = {
			isa = PBXFrameworksBuildPhase;
			buildActionMask = 2147483647;
			files = (
			);
			runOnlyForDeploymentPostprocessing = 0;
		};
		15E44FDF27584DDC0088C5C7 /* Frameworks */ = {
			isa = PBXFrameworksBuildPhase;
			buildActionMask = 2147483647;
			files = (
			);
			runOnlyForDeploymentPostprocessing = 0;
		};
		15E44FE927584DDD0088C5C7 /* Frameworks */ = {
			isa = PBXFrameworksBuildPhase;
			buildActionMask = 2147483647;
			files = (
			);
			runOnlyForDeploymentPostprocessing = 0;
		};
/* End PBXFrameworksBuildPhase section */

/* Begin PBXGroup section */
		15E44FC927584DD90088C5C7 = {
			isa = PBXGroup;
			children = (
				15E44FD427584DDA0088C5C7 /* SearchUser */,
				15E44FE527584DDC0088C5C7 /* SearchUserTests */,
				15E44FEF27584DDD0088C5C7 /* SearchUserUITests */,
				15E44FD327584DDA0088C5C7 /* Products */,
			);
			sourceTree = "<group>";
		};
		15E44FD327584DDA0088C5C7 /* Products */ = {
			isa = PBXGroup;
			children = (
				15E44FD227584DDA0088C5C7 /* SearchUser.app */,
				15E44FE227584DDC0088C5C7 /* SearchUserTests.xctest */,
				15E44FEC27584DDD0088C5C7 /* SearchUserUITests.xctest */,
			);
			name = Products;
			sourceTree = "<group>";
		};
		15E44FD427584DDA0088C5C7 /* SearchUser */ = {
			isa = PBXGroup;
			children = (
				15E4500027584E590088C5C7 /* Model */,
				15E4500127584E8B0088C5C7 /* Networking */,
				15E44FFF27584E4B0088C5C7 /* View */,
				15E44FD727584DDA0088C5C7 /* ContentView.swift */,
				15E44FD527584DDA0088C5C7 /* SearchUserApp.swift */,
				15E44FD927584DDC0088C5C7 /* Assets.xcassets */,
				15E44FDB27584DDC0088C5C7 /* Preview Content */,
			);
			path = SearchUser;
			sourceTree = "<group>";
		};
		15E44FDB27584DDC0088C5C7 /* Preview Content */ = {
			isa = PBXGroup;
			children = (
				15E44FDC27584DDC0088C5C7 /* Preview Assets.xcassets */,
			);
			path = "Preview Content";
			sourceTree = "<group>";
		};
		15E44FE527584DDC0088C5C7 /* SearchUserTests */ = {
			isa = PBXGroup;
			children = (
				15E44FE627584DDC0088C5C7 /* SearchUserTests.swift */,
			);
			path = SearchUserTests;
			sourceTree = "<group>";
		};
		15E44FEF27584DDD0088C5C7 /* SearchUserUITests */ = {
			isa = PBXGroup;
			children = (
				15E44FF027584DDD0088C5C7 /* SearchUserUITests.swift */,
				15E44FF227584DDD0088C5C7 /* SearchUserUITestsLaunchTests.swift */,
			);
			path = SearchUserUITests;
			sourceTree = "<group>";
		};
		15E44FFF27584E4B0088C5C7 /* View */ = {
			isa = PBXGroup;
			children = (
				15D19D4A275EEB8400DA2802 /* UserListView.swift */,
				15D19D4C275EEBDC00DA2802 /* ErrorView.swift */,
				15D19D4E275EEBF700DA2802 /* LoadingView.swift */,
				15836D662762D345001ADAD3 /* UserRow.swift */,
				15836D682762D3C7001ADAD3 /* UserDetailView.swift */,
			);
			path = View;
			sourceTree = "<group>";
		};
		15E4500027584E590088C5C7 /* Model */ = {
			isa = PBXGroup;
			children = (
				15E45002275850A10088C5C7 /* User.swift */,
			);
			path = Model;
			sourceTree = "<group>";
		};
		15E4500127584E8B0088C5C7 /* Networking */ = {
			isa = PBXGroup;
			children = (
				15D19D46275EE4F400DA2802 /* UserFetcher.swift */,
				1549404727602A8100972E29 /* APIError.swift */,
				158DCA7827617FA900B9307D /* APIService.swift */,
			);
			path = Networking;
			sourceTree = "<group>";
		};
/* End PBXGroup section */

/* Begin PBXNativeTarget section */
		15E44FD127584DDA0088C5C7 /* SearchUser */ = {
			isa = PBXNativeTarget;
			buildConfigurationList = 15E44FF627584DDD0088C5C7 /* Build configuration list for PBXNativeTarget "SearchUser" */;
			buildPhases = (
				15E44FCE27584DDA0088C5C7 /* Sources */,
				15E44FCF27584DDA0088C5C7 /* Frameworks */,
				15E44FD027584DDA0088C5C7 /* Resources */,
			);
			buildRules = (
			);
			dependencies = (
			);
			name = SearchUser;
			productName = SearchUser;
			productReference = 15E44FD227584DDA0088C5C7 /* SearchUser.app */;
			productType = "com.apple.product-type.application";
		};
		15E44FE127584DDC0088C5C7 /* SearchUserTests */ = {
			isa = PBXNativeTarget;
			buildConfigurationList = 15E44FF927584DDD0088C5C7 /* Build configuration list for PBXNativeTarget "SearchUserTests" */;
			buildPhases = (
				15E44FDE27584DDC0088C5C7 /* Sources */,
				15E44FDF27584DDC0088C5C7 /* Frameworks */,
				15E44FE027584DDC0088C5C7 /* Resources */,
			);
			buildRules = (
			);
			dependencies = (
				15E44FE427584DDC0088C5C7 /* PBXTargetDependency */,
			);
			name = SearchUserTests;
			productName = SearchUserTests;
			productReference = 15E44FE227584DDC0088C5C7 /* SearchUserTests.xctest */;
			productType = "com.apple.product-type.bundle.unit-test";
		};
		15E44FEB27584DDD0088C5C7 /* SearchUserUITests */ = {
			isa = PBXNativeTarget;
			buildConfigurationList = 15E44FFC27584DDD0088C5C7 /* Build configuration list for PBXNativeTarget "SearchUserUITests" */;
			buildPhases = (
				15E44FE827584DDD0088C5C7 /* Sources */,
				15E44FE927584DDD0088C5C7 /* Frameworks */,
				15E44FEA27584DDD0088C5C7 /* Resources */,
			);
			buildRules = (
			);
			dependencies = (
				15E44FEE27584DDD0088C5C7 /* PBXTargetDependency */,
			);
			name = SearchUserUITests;
			productName = SearchUserUITests;
			productReference = 15E44FEC27584DDD0088C5C7 /* SearchUserUITests.xctest */;
			productType = "com.apple.product-type.bundle.ui-testing";
		};
/* End PBXNativeTarget section */

/* Begin PBXProject section */
		15E44FCA27584DD90088C5C7 /* Project object */ = {
			isa = PBXProject;
			attributes = {
				BuildIndependentTargetsInParallel = 1;
				LastSwiftUpdateCheck = 1310;
				LastUpgradeCheck = 1310;
				TargetAttributes = {
					15E44FD127584DDA0088C5C7 = {
						CreatedOnToolsVersion = 13.1;
					};
					15E44FE127584DDC0088C5C7 = {
						CreatedOnToolsVersion = 13.1;
						TestTargetID = 15E44FD127584DDA0088C5C7;
					};
					15E44FEB27584DDD0088C5C7 = {
						CreatedOnToolsVersion = 13.1;
						TestTargetID = 15E44FD127584DDA0088C5C7;
					};
				};
			};
			buildConfigurationList = 15E44FCD27584DD90088C5C7 /* Build configuration list for PBXProject "SearchUser" */;
			compatibilityVersion = "Xcode 13.0";
			developmentRegion = en;
			hasScannedForEncodings = 0;
			knownRegions = (
				en,
				Base,
			);
			mainGroup = 15E44FC927584DD90088C5C7;
			productRefGroup = 15E44FD327584DDA0088C5C7 /* Products */;
			projectDirPath = "";
			projectRoot = "";
			targets = (
				15E44FD127584DDA0088C5C7 /* SearchUser */,
				15E44FE127584DDC0088C5C7 /* SearchUserTests */,
				15E44FEB27584DDD0088C5C7 /* SearchUserUITests */,
			);
		};
/* End PBXProject section */

/* Begin PBXResourcesBuildPhase section */
		15E44FD027584DDA0088C5C7 /* Resources */ = {
			isa = PBXResourcesBuildPhase;
			buildActionMask = 2147483647;
			files = (
				15E44FDD27584DDC0088C5C7 /* Preview Assets.xcassets in Resources */,
				15E44FDA27584DDC0088C5C7 /* Assets.xcassets in Resources */,
			);
			runOnlyForDeploymentPostprocessing = 0;
		};
		15E44FE027584DDC0088C5C7 /* Resources */ = {
			isa = PBXResourcesBuildPhase;
			buildActionMask = 2147483647;
			files = (
			);
			runOnlyForDeploymentPostprocessing = 0;
		};
		15E44FEA27584DDD0088C5C7 /* Resources */ = {
			isa = PBXResourcesBuildPhase;
			buildActionMask = 2147483647;
			files = (
			);
			runOnlyForDeploymentPostprocessing = 0;
		};
/* End PBXResourcesBuildPhase section */

/* Begin PBXSourcesBuildPhase section */
		15E44FCE27584DDA0088C5C7 /* Sources */ = {
			isa = PBXSourcesBuildPhase;
			buildActionMask = 2147483647;
			files = (
				15D19D47275EE4F500DA2802 /* UserFetcher.swift in Sources */,
				15D19D4D275EEBDC00DA2802 /* ErrorView.swift in Sources */,
				15D19D4B275EEB8400DA2802 /* UserListView.swift in Sources */,
				15836D672762D345001ADAD3 /* UserRow.swift in Sources */,
				15E44FD827584DDA0088C5C7 /* ContentView.swift in Sources */,
				15E44FD627584DDA0088C5C7 /* SearchUserApp.swift in Sources */,
				1549404827602A8100972E29 /* APIError.swift in Sources */,
				15D19D4F275EEBF700DA2802 /* LoadingView.swift in Sources */,
				158DCA7927617FA900B9307D /* APIService.swift in Sources */,
				15E45003275850A10088C5C7 /* User.swift in Sources */,
				15836D692762D3C7001ADAD3 /* UserDetailView.swift in Sources */,
			);
			runOnlyForDeploymentPostprocessing = 0;
		};
		15E44FDE27584DDC0088C5C7 /* Sources */ = {
			isa = PBXSourcesBuildPhase;
			buildActionMask = 2147483647;
			files = (
				15E44FE727584DDC0088C5C7 /* SearchUserTests.swift in Sources */,
			);
			runOnlyForDeploymentPostprocessing = 0;
		};
		15E44FE827584DDD0088C5C7 /* Sources */ = {
			isa = PBXSourcesBuildPhase;
			buildActionMask = 2147483647;
			files = (
				15E44FF127584DDD0088C5C7 /* SearchUserUITests.swift in Sources */,
				15E44FF327584DDD0088C5C7 /* SearchUserUITestsLaunchTests.swift in Sources */,
			);
			runOnlyForDeploymentPostprocessing = 0;
		};
/* End PBXSourcesBuildPhase section */

/* Begin PBXTargetDependency section */
		15E44FE427584DDC0088C5C7 /* PBXTargetDependency */ = {
			isa = PBXTargetDependency;
			target = 15E44FD127584DDA0088C5C7 /* SearchUser */;
			targetProxy = 15E44FE327584DDC0088C5C7 /* PBXContainerItemProxy */;
		};
		15E44FEE27584DDD0088C5C7 /* PBXTargetDependency */ = {
			isa = PBXTargetDependency;
			target = 15E44FD127584DDA0088C5C7 /* SearchUser */;
			targetProxy = 15E44FED27584DDD0088C5C7 /* PBXContainerItemProxy */;
		};
/* End PBXTargetDependency section */

/* Begin XCBuildConfiguration section */
		15E44FF427584DDD0088C5C7 /* Debug */ = {
			isa = XCBuildConfiguration;
			buildSettings = {
				ALWAYS_SEARCH_USER_PATHS = NO;
				CLANG_ANALYZER_NONNULL = YES;
				CLANG_ANALYZER_NUMBER_OBJECT_CONVERSION = YES_AGGRESSIVE;
				CLANG_CXX_LANGUAGE_STANDARD = "gnu++17";
				CLANG_CXX_LIBRARY = "libc++";
				CLANG_ENABLE_MODULES = YES;
				CLANG_ENABLE_OBJC_ARC = YES;
				CLANG_ENABLE_OBJC_WEAK = YES;
				CLANG_WARN_BLOCK_CAPTURE_AUTORELEASING = YES;
				CLANG_WARN_BOOL_CONVERSION = YES;
				CLANG_WARN_COMMA = YES;
				CLANG_WARN_CONSTANT_CONVERSION = YES;
				CLANG_WARN_DEPRECATED_OBJC_IMPLEMENTATIONS = YES;
				CLANG_WARN_DIRECT_OBJC_ISA_USAGE = YES_ERROR;
				CLANG_WARN_DOCUMENTATION_COMMENTS = YES;
				CLANG_WARN_EMPTY_BODY = YES;
				CLANG_WARN_ENUM_CONVERSION = YES;
				CLANG_WARN_INFINITE_RECURSION = YES;
				CLANG_WARN_INT_CONVERSION = YES;
				CLANG_WARN_NON_LITERAL_NULL_CONVERSION = YES;
				CLANG_WARN_OBJC_IMPLICIT_RETAIN_SELF = YES;
				CLANG_WARN_OBJC_LITERAL_CONVERSION = YES;
				CLANG_WARN_OBJC_ROOT_CLASS = YES_ERROR;
				CLANG_WARN_QUOTED_INCLUDE_IN_FRAMEWORK_HEADER = YES;
				CLANG_WARN_RANGE_LOOP_ANALYSIS = YES;
				CLANG_WARN_STRICT_PROTOTYPES = YES;
				CLANG_WARN_SUSPICIOUS_MOVE = YES;
				CLANG_WARN_UNGUARDED_AVAILABILITY = YES_AGGRESSIVE;
				CLANG_WARN_UNREACHABLE_CODE = YES;
				CLANG_WARN__DUPLICATE_METHOD_MATCH = YES;
				COPY_PHASE_STRIP = NO;
				DEBUG_INFORMATION_FORMAT = dwarf;
				ENABLE_STRICT_OBJC_MSGSEND = YES;
				ENABLE_TESTABILITY = YES;
				GCC_C_LANGUAGE_STANDARD = gnu11;
				GCC_DYNAMIC_NO_PIC = NO;
				GCC_NO_COMMON_BLOCKS = YES;
				GCC_OPTIMIZATION_LEVEL = 0;
				GCC_PREPROCESSOR_DEFINITIONS = (
					"DEBUG=1",
					"$(inherited)",
				);
				GCC_WARN_64_TO_32_BIT_CONVERSION = YES;
				GCC_WARN_ABOUT_RETURN_TYPE = YES_ERROR;
				GCC_WARN_UNDECLARED_SELECTOR = YES;
				GCC_WARN_UNINITIALIZED_AUTOS = YES_AGGRESSIVE;
				GCC_WARN_UNUSED_FUNCTION = YES;
				GCC_WARN_UNUSED_VARIABLE = YES;
				IPHONEOS_DEPLOYMENT_TARGET = 15.0;
				MTL_ENABLE_DEBUG_INFO = INCLUDE_SOURCE;
				MTL_FAST_MATH = YES;
				ONLY_ACTIVE_ARCH = YES;
				SDKROOT = iphoneos;
				SWIFT_ACTIVE_COMPILATION_CONDITIONS = DEBUG;
				SWIFT_OPTIMIZATION_LEVEL = "-Onone";
			};
			name = Debug;
		};
		15E44FF527584DDD0088C5C7 /* Release */ = {
			isa = XCBuildConfiguration;
			buildSettings = {
				ALWAYS_SEARCH_USER_PATHS = NO;
				CLANG_ANALYZER_NONNULL = YES;
				CLANG_ANALYZER_NUMBER_OBJECT_CONVERSION = YES_AGGRESSIVE;
				CLANG_CXX_LANGUAGE_STANDARD = "gnu++17";
				CLANG_CXX_LIBRARY = "libc++";
				CLANG_ENABLE_MODULES = YES;
				CLANG_ENABLE_OBJC_ARC = YES;
				CLANG_ENABLE_OBJC_WEAK = YES;
				CLANG_WARN_BLOCK_CAPTURE_AUTORELEASING = YES;
				CLANG_WARN_BOOL_CONVERSION = YES;
				CLANG_WARN_COMMA = YES;
				CLANG_WARN_CONSTANT_CONVERSION = YES;
				CLANG_WARN_DEPRECATED_OBJC_IMPLEMENTATIONS = YES;
				CLANG_WARN_DIRECT_OBJC_ISA_USAGE = YES_ERROR;
				CLANG_WARN_DOCUMENTATION_COMMENTS = YES;
				CLANG_WARN_EMPTY_BODY = YES;
				CLANG_WARN_ENUM_CONVERSION = YES;
				CLANG_WARN_INFINITE_RECURSION = YES;
				CLANG_WARN_INT_CONVERSION = YES;
				CLANG_WARN_NON_LITERAL_NULL_CONVERSION = YES;
				CLANG_WARN_OBJC_IMPLICIT_RETAIN_SELF = YES;
				CLANG_WARN_OBJC_LITERAL_CONVERSION = YES;
				CLANG_WARN_OBJC_ROOT_CLASS = YES_ERROR;
				CLANG_WARN_QUOTED_INCLUDE_IN_FRAMEWORK_HEADER = YES;
				CLANG_WARN_RANGE_LOOP_ANALYSIS = YES;
				CLANG_WARN_STRICT_PROTOTYPES = YES;
				CLANG_WARN_SUSPICIOUS_MOVE = YES;
				CLANG_WARN_UNGUARDED_AVAILABILITY = YES_AGGRESSIVE;
				CLANG_WARN_UNREACHABLE_CODE = YES;
				CLANG_WARN__DUPLICATE_METHOD_MATCH = YES;
				COPY_PHASE_STRIP = NO;
				DEBUG_INFORMATION_FORMAT = "dwarf-with-dsym";
				ENABLE_NS_ASSERTIONS = NO;
				ENABLE_STRICT_OBJC_MSGSEND = YES;
				GCC_C_LANGUAGE_STANDARD = gnu11;
				GCC_NO_COMMON_BLOCKS = YES;
				GCC_WARN_64_TO_32_BIT_CONVERSION = YES;
				GCC_WARN_ABOUT_RETURN_TYPE = YES_ERROR;
				GCC_WARN_UNDECLARED_SELECTOR = YES;
				GCC_WARN_UNINITIALIZED_AUTOS = YES_AGGRESSIVE;
				GCC_WARN_UNUSED_FUNCTION = YES;
				GCC_WARN_UNUSED_VARIABLE = YES;
				IPHONEOS_DEPLOYMENT_TARGET = 15.0;
				MTL_ENABLE_DEBUG_INFO = NO;
				MTL_FAST_MATH = YES;
				SDKROOT = iphoneos;
				SWIFT_COMPILATION_MODE = wholemodule;
				SWIFT_OPTIMIZATION_LEVEL = "-O";
				VALIDATE_PRODUCT = YES;
			};
			name = Release;
		};
		15E44FF727584DDD0088C5C7 /* Debug */ = {
			isa = XCBuildConfiguration;
			buildSettings = {
				ASSETCATALOG_COMPILER_APPICON_NAME = AppIcon;
				ASSETCATALOG_COMPILER_GLOBAL_ACCENT_COLOR_NAME = AccentColor;
				CODE_SIGN_STYLE = Automatic;
				CURRENT_PROJECT_VERSION = 1;
				DEVELOPMENT_ASSET_PATHS = "\"SearchUser/Preview Content\"";
				ENABLE_PREVIEWS = YES;
				GENERATE_INFOPLIST_FILE = YES;
				INFOPLIST_KEY_UIApplicationSceneManifest_Generation = YES;
				INFOPLIST_KEY_UIApplicationSupportsIndirectInputEvents = YES;
				INFOPLIST_KEY_UILaunchScreen_Generation = YES;
				INFOPLIST_KEY_UISupportedInterfaceOrientations_iPad = "UIInterfaceOrientationPortrait UIInterfaceOrientationPortraitUpsideDown UIInterfaceOrientationLandscapeLeft UIInterfaceOrientationLandscapeRight";
				INFOPLIST_KEY_UISupportedInterfaceOrientations_iPhone = "UIInterfaceOrientationPortrait UIInterfaceOrientationLandscapeLeft UIInterfaceOrientationLandscapeRight";
				LD_RUNPATH_SEARCH_PATHS = (
					"$(inherited)",
					"@executable_path/Frameworks",
				);
				MARKETING_VERSION = 1.0;
				PRODUCT_BUNDLE_IDENTIFIER = "Levi-Lunique.SearchUser";
				PRODUCT_NAME = "$(TARGET_NAME)";
				SWIFT_EMIT_LOC_STRINGS = YES;
				SWIFT_VERSION = 5.0;
				TARGETED_DEVICE_FAMILY = "1,2";
			};
			name = Debug;
		};
		15E44FF827584DDD0088C5C7 /* Release */ = {
			isa = XCBuildConfiguration;
			buildSettings = {
				ASSETCATALOG_COMPILER_APPICON_NAME = AppIcon;
				ASSETCATALOG_COMPILER_GLOBAL_ACCENT_COLOR_NAME = AccentColor;
				CODE_SIGN_STYLE = Automatic;
				CURRENT_PROJECT_VERSION = 1;
				DEVELOPMENT_ASSET_PATHS = "\"SearchUser/Preview Content\"";
				ENABLE_PREVIEWS = YES;
				GENERATE_INFOPLIST_FILE = YES;
				INFOPLIST_KEY_UIApplicationSceneManifest_Generation = YES;
				INFOPLIST_KEY_UIApplicationSupportsIndirectInputEvents = YES;
				INFOPLIST_KEY_UILaunchScreen_Generation = YES;
				INFOPLIST_KEY_UISupportedInterfaceOrientations_iPad = "UIInterfaceOrientationPortrait UIInterfaceOrientationPortraitUpsideDown UIInterfaceOrientationLandscapeLeft UIInterfaceOrientationLandscapeRight";
				INFOPLIST_KEY_UISupportedInterfaceOrientations_iPhone = "UIInterfaceOrientationPortrait UIInterfaceOrientationLandscapeLeft UIInterfaceOrientationLandscapeRight";
				LD_RUNPATH_SEARCH_PATHS = (
					"$(inherited)",
					"@executable_path/Frameworks",
				);
				MARKETING_VERSION = 1.0;
				PRODUCT_BUNDLE_IDENTIFIER = "Levi-Lunique.SearchUser";
				PRODUCT_NAME = "$(TARGET_NAME)";
				SWIFT_EMIT_LOC_STRINGS = YES;
				SWIFT_VERSION = 5.0;
				TARGETED_DEVICE_FAMILY = "1,2";
			};
			name = Release;
		};
		15E44FFA27584DDD0088C5C7 /* Debug */ = {
			isa = XCBuildConfiguration;
			buildSettings = {
				ALWAYS_EMBED_SWIFT_STANDARD_LIBRARIES = YES;
				BUNDLE_LOADER = "$(TEST_HOST)";
				CODE_SIGN_STYLE = Automatic;
				CURRENT_PROJECT_VERSION = 1;
				GENERATE_INFOPLIST_FILE = YES;
				IPHONEOS_DEPLOYMENT_TARGET = 15.0;
				LD_RUNPATH_SEARCH_PATHS = (
					"$(inherited)",
					"@executable_path/Frameworks",
					"@loader_path/Frameworks",
				);
				MARKETING_VERSION = 1.0;
				PRODUCT_BUNDLE_IDENTIFIER = "Levi-Lunique.SearchUserTests";
				PRODUCT_NAME = "$(TARGET_NAME)";
				SWIFT_EMIT_LOC_STRINGS = NO;
				SWIFT_VERSION = 5.0;
				TARGETED_DEVICE_FAMILY = "1,2";
				TEST_HOST = "$(BUILT_PRODUCTS_DIR)/SearchUser.app/SearchUser";
			};
			name = Debug;
		};
		15E44FFB27584DDD0088C5C7 /* Release */ = {
			isa = XCBuildConfiguration;
			buildSettings = {
				ALWAYS_EMBED_SWIFT_STANDARD_LIBRARIES = YES;
				BUNDLE_LOADER = "$(TEST_HOST)";
				CODE_SIGN_STYLE = Automatic;
				CURRENT_PROJECT_VERSION = 1;
				GENERATE_INFOPLIST_FILE = YES;
				IPHONEOS_DEPLOYMENT_TARGET = 15.0;
				LD_RUNPATH_SEARCH_PATHS = (
					"$(inherited)",
					"@executable_path/Frameworks",
					"@loader_path/Frameworks",
				);
				MARKETING_VERSION = 1.0;
				PRODUCT_BUNDLE_IDENTIFIER = "Levi-Lunique.SearchUserTests";
				PRODUCT_NAME = "$(TARGET_NAME)";
				SWIFT_EMIT_LOC_STRINGS = NO;
				SWIFT_VERSION = 5.0;
				TARGETED_DEVICE_FAMILY = "1,2";
				TEST_HOST = "$(BUILT_PRODUCTS_DIR)/SearchUser.app/SearchUser";
			};
			name = Release;
		};
		15E44FFD27584DDD0088C5C7 /* Debug */ = {
			isa = XCBuildConfiguration;
			buildSettings = {
				ALWAYS_EMBED_SWIFT_STANDARD_LIBRARIES = YES;
				CODE_SIGN_STYLE = Automatic;
				CURRENT_PROJECT_VERSION = 1;
				GENERATE_INFOPLIST_FILE = YES;
				LD_RUNPATH_SEARCH_PATHS = (
					"$(inherited)",
					"@executable_path/Frameworks",
					"@loader_path/Frameworks",
				);
				MARKETING_VERSION = 1.0;
				PRODUCT_BUNDLE_IDENTIFIER = "Levi-Lunique.SearchUserUITests";
				PRODUCT_NAME = "$(TARGET_NAME)";
				SWIFT_EMIT_LOC_STRINGS = NO;
				SWIFT_VERSION = 5.0;
				TARGETED_DEVICE_FAMILY = "1,2";
				TEST_TARGET_NAME = SearchUser;
			};
			name = Debug;
		};
		15E44FFE27584DDD0088C5C7 /* Release */ = {
			isa = XCBuildConfiguration;
			buildSettings = {
				ALWAYS_EMBED_SWIFT_STANDARD_LIBRARIES = YES;
				CODE_SIGN_STYLE = Automatic;
				CURRENT_PROJECT_VERSION = 1;
				GENERATE_INFOPLIST_FILE = YES;
				LD_RUNPATH_SEARCH_PATHS = (
					"$(inherited)",
					"@executable_path/Frameworks",
					"@loader_path/Frameworks",
				);
				MARKETING_VERSION = 1.0;
				PRODUCT_BUNDLE_IDENTIFIER = "Levi-Lunique.SearchUserUITests";
				PRODUCT_NAME = "$(TARGET_NAME)";
				SWIFT_EMIT_LOC_STRINGS = NO;
				SWIFT_VERSION = 5.0;
				TARGETED_DEVICE_FAMILY = "1,2";
				TEST_TARGET_NAME = SearchUser;
			};
			name = Release;
		};
/* End XCBuildConfiguration section */

/* Begin XCConfigurationList section */
		15E44FCD27584DD90088C5C7 /* Build configuration list for PBXProject "SearchUser" */ = {
			isa = XCConfigurationList;
			buildConfigurations = (
				15E44FF427584DDD0088C5C7 /* Debug */,
				15E44FF527584DDD0088C5C7 /* Release */,
			);
			defaultConfigurationIsVisible = 0;
			defaultConfigurationName = Release;
		};
		15E44FF627584DDD0088C5C7 /* Build configuration list for PBXNativeTarget "SearchUser" */ = {
			isa = XCConfigurationList;
			buildConfigurations = (
				15E44FF727584DDD0088C5C7 /* Debug */,
				15E44FF827584DDD0088C5C7 /* Release */,
			);
			defaultConfigurationIsVisible = 0;
			defaultConfigurationName = Release;
		};
		15E44FF927584DDD0088C5C7 /* Build configuration list for PBXNativeTarget "SearchUserTests" */ = {
			isa = XCConfigurationList;
			buildConfigurations = (
				15E44FFA27584DDD0088C5C7 /* Debug */,
				15E44FFB27584DDD0088C5C7 /* Release */,
			);
			defaultConfigurationIsVisible = 0;
			defaultConfigurationName = Release;
		};
		15E44FFC27584DDD0088C5C7 /* Build configuration list for PBXNativeTarget "SearchUserUITests" */ = {
			isa = XCConfigurationList;
			buildConfigurations = (
				15E44FFD27584DDD0088C5C7 /* Debug */,
				15E44FFE27584DDD0088C5C7 /* Release */,
			);
			defaultConfigurationIsVisible = 0;
			defaultConfigurationName = Release;
		};
/* End XCConfigurationList section */
	};
	rootObject = 15E44FCA27584DD90088C5C7 /* Project object */;
}
